// !$*UTF8*$!
{
	archiveVersion = 1;
	classes = {
	};
	objectVersion = 55;
	objects = {

/* Begin PBXBuildFile section */
		8B349AEF27170E6D00E44F79 /* AppDelegate.swift in Sources */ = {isa = PBXBuildFile; fileRef = 8B349AEE27170E6D00E44F79 /* AppDelegate.swift */; };
		8B349AF127170E6D00E44F79 /* SceneDelegate.swift in Sources */ = {isa = PBXBuildFile; fileRef = 8B349AF027170E6D00E44F79 /* SceneDelegate.swift */; };
		8B349AF327170E6D00E44F79 /* RepoSerachViewController.swift in Sources */ = {isa = PBXBuildFile; fileRef = 8B349AF227170E6D00E44F79 /* RepoSerachViewController.swift */; };
		8B349AF827170E6E00E44F79 /* Assets.xcassets in Resources */ = {isa = PBXBuildFile; fileRef = 8B349AF727170E6E00E44F79 /* Assets.xcassets */; };
		8B349AFB27170E6E00E44F79 /* LaunchScreen.storyboard in Resources */ = {isa = PBXBuildFile; fileRef = 8B349AF927170E6E00E44F79 /* LaunchScreen.storyboard */; };
		8B349B1F27171D4A00E44F79 /* GitHubRepository.swift in Sources */ = {isa = PBXBuildFile; fileRef = 8B349B1E27171D4A00E44F79 /* GitHubRepository.swift */; };
		8B349B2527171E8000E44F79 /* RepoSearchResponseDTO.swift in Sources */ = {isa = PBXBuildFile; fileRef = 8B349B2027171E8000E44F79 /* RepoSearchResponseDTO.swift */; };
		8B349B2727171E8000E44F79 /* RepoLicenseDTO.swift in Sources */ = {isa = PBXBuildFile; fileRef = 8B349B2227171E8000E44F79 /* RepoLicenseDTO.swift */; };
		8B349B2827171E8000E44F79 /* RepoOwnerDTO.swift in Sources */ = {isa = PBXBuildFile; fileRef = 8B349B2327171E8000E44F79 /* RepoOwnerDTO.swift */; };
		8B349B2927171E8000E44F79 /* RepoDTO.swift in Sources */ = {isa = PBXBuildFile; fileRef = 8B349B2427171E8000E44F79 /* RepoDTO.swift */; };
		8B349B2E2717302D00E44F79 /* RepoSearchPage.swift in Sources */ = {isa = PBXBuildFile; fileRef = 8B349B2D2717302D00E44F79 /* RepoSearchPage.swift */; };
		8B349B3127173A9600E44F79 /* Repo.swift in Sources */ = {isa = PBXBuildFile; fileRef = 8B349B3027173A9600E44F79 /* Repo.swift */; };
		8B349B3327173B9D00E44F79 /* SearchRepoUseCase.swift in Sources */ = {isa = PBXBuildFile; fileRef = 8B349B3227173B9D00E44F79 /* SearchRepoUseCase.swift */; };
		8B349B3627173DA400E44F79 /* GitHubRepositoryError.swift in Sources */ = {isa = PBXBuildFile; fileRef = 8B349B3527173DA400E44F79 /* GitHubRepositoryError.swift */; };
		8B5A86BF271EED6200E3F711 /* FetchingCell.swift in Sources */ = {isa = PBXBuildFile; fileRef = 8B5A86BE271EED6200E3F711 /* FetchingCell.swift */; };
		8B64A67C271B2B200035437C /* ReposSearchCoordinator.swift in Sources */ = {isa = PBXBuildFile; fileRef = 8B64A67B271B2B200035437C /* ReposSearchCoordinator.swift */; };
		8B64A67F271B48C00035437C /* RepoSerachViewModel.swift in Sources */ = {isa = PBXBuildFile; fileRef = 8B64A67E271B48C00035437C /* RepoSerachViewModel.swift */; };
		8B64A681271B49BD0035437C /* BaseCoordinator.swift in Sources */ = {isa = PBXBuildFile; fileRef = 8B64A680271B49BD0035437C /* BaseCoordinator.swift */; };
		8B64A684271CD5D20035437C /* OrderedCollections in Frameworks */ = {isa = PBXBuildFile; productRef = 8B64A683271CD5D20035437C /* OrderedCollections */; };
		8B86F2F527206B2F00C51BF8 /* Mock.generated.swift in Sources */ = {isa = PBXBuildFile; fileRef = 8B86F2F427206B2F00C51BF8 /* Mock.generated.swift */; };
		8B86F2F72720712F00C51BF8 /* DefaultSearchRepoUseCaseTests.swift in Sources */ = {isa = PBXBuildFile; fileRef = 8B86F2F62720712F00C51BF8 /* DefaultSearchRepoUseCaseTests.swift */; };
		8B86F2FC27207F2700C51BF8 /* DefaultRepoSerachViewModelTests.swift in Sources */ = {isa = PBXBuildFile; fileRef = 8B86F2FB27207F2700C51BF8 /* DefaultRepoSerachViewModelTests.swift */; };
		8B86F2FE27208D1500C51BF8 /* RepoSerachViewModelError.swift in Sources */ = {isa = PBXBuildFile; fileRef = 8B86F2FD27208D1500C51BF8 /* RepoSerachViewModelError.swift */; };
		8B86F30027209B1400C51BF8 /* Quick in Frameworks */ = {isa = PBXBuildFile; productRef = 8B86F2FF27209B1400C51BF8 /* Quick */; };
		8B86F30227209B1700C51BF8 /* Nimble in Frameworks */ = {isa = PBXBuildFile; productRef = 8B86F30127209B1700C51BF8 /* Nimble */; };
		8B86F30427209B1B00C51BF8 /* SwiftyMocky in Frameworks */ = {isa = PBXBuildFile; productRef = 8B86F30327209B1B00C51BF8 /* SwiftyMocky */; };
		8B86F30627209B1D00C51BF8 /* SwiftyPrototype in Frameworks */ = {isa = PBXBuildFile; productRef = 8B86F30527209B1D00C51BF8 /* SwiftyPrototype */; };
		8B948A50271F0BAB00B3FE8D /* LoadingView.swift in Sources */ = {isa = PBXBuildFile; fileRef = 8B948A4F271F0BAB00B3FE8D /* LoadingView.swift */; };
		8B948A52271F0FFA00B3FE8D /* RepoSerachTypes.swift in Sources */ = {isa = PBXBuildFile; fileRef = 8B948A51271F0FFA00B3FE8D /* RepoSerachTypes.swift */; };
		8B948A55271F127900B3FE8D /* Cancellable.swift in Sources */ = {isa = PBXBuildFile; fileRef = 8B948A54271F127900B3FE8D /* Cancellable.swift */; };
/* End PBXBuildFile section */

/* Begin PBXContainerItemProxy section */
		8B349B0227170E6F00E44F79 /* PBXContainerItemProxy */ = {
			isa = PBXContainerItemProxy;
			containerPortal = 8B349AE327170E6D00E44F79 /* Project object */;
			proxyType = 1;
			remoteGlobalIDString = 8B349AEA27170E6D00E44F79;
			remoteInfo = GitHubSearch_Challenge;
		};
/* End PBXContainerItemProxy section */

/* Begin PBXFileReference section */
		8B349AEB27170E6D00E44F79 /* GitHubSearch_Challenge.app */ = {isa = PBXFileReference; explicitFileType = wrapper.application; includeInIndex = 0; path = GitHubSearch_Challenge.app; sourceTree = BUILT_PRODUCTS_DIR; };
		8B349AEE27170E6D00E44F79 /* AppDelegate.swift */ = {isa = PBXFileReference; lastKnownFileType = sourcecode.swift; path = AppDelegate.swift; sourceTree = "<group>"; };
		8B349AF027170E6D00E44F79 /* SceneDelegate.swift */ = {isa = PBXFileReference; lastKnownFileType = sourcecode.swift; path = SceneDelegate.swift; sourceTree = "<group>"; };
		8B349AF227170E6D00E44F79 /* RepoSerachViewController.swift */ = {isa = PBXFileReference; lastKnownFileType = sourcecode.swift; path = RepoSerachViewController.swift; sourceTree = "<group>"; };
		8B349AF727170E6E00E44F79 /* Assets.xcassets */ = {isa = PBXFileReference; lastKnownFileType = folder.assetcatalog; path = Assets.xcassets; sourceTree = "<group>"; };
		8B349AFA27170E6E00E44F79 /* Base */ = {isa = PBXFileReference; lastKnownFileType = file.storyboard; name = Base; path = Base.lproj/LaunchScreen.storyboard; sourceTree = "<group>"; };
		8B349AFC27170E6E00E44F79 /* Info.plist */ = {isa = PBXFileReference; lastKnownFileType = text.plist.xml; path = Info.plist; sourceTree = "<group>"; };
		8B349B0127170E6F00E44F79 /* GitHubSearch_ChallengeTests.xctest */ = {isa = PBXFileReference; explicitFileType = wrapper.cfbundle; includeInIndex = 0; path = GitHubSearch_ChallengeTests.xctest; sourceTree = BUILT_PRODUCTS_DIR; };
		8B349B1E27171D4A00E44F79 /* GitHubRepository.swift */ = {isa = PBXFileReference; lastKnownFileType = sourcecode.swift; path = GitHubRepository.swift; sourceTree = "<group>"; };
		8B349B2027171E8000E44F79 /* RepoSearchResponseDTO.swift */ = {isa = PBXFileReference; fileEncoding = 4; lastKnownFileType = sourcecode.swift; path = RepoSearchResponseDTO.swift; sourceTree = "<group>"; };
		8B349B2227171E8000E44F79 /* RepoLicenseDTO.swift */ = {isa = PBXFileReference; fileEncoding = 4; lastKnownFileType = sourcecode.swift; path = RepoLicenseDTO.swift; sourceTree = "<group>"; };
		8B349B2327171E8000E44F79 /* RepoOwnerDTO.swift */ = {isa = PBXFileReference; fileEncoding = 4; lastKnownFileType = sourcecode.swift; path = RepoOwnerDTO.swift; sourceTree = "<group>"; };
		8B349B2427171E8000E44F79 /* RepoDTO.swift */ = {isa = PBXFileReference; fileEncoding = 4; lastKnownFileType = sourcecode.swift; path = RepoDTO.swift; sourceTree = "<group>"; };
		8B349B2D2717302D00E44F79 /* RepoSearchPage.swift */ = {isa = PBXFileReference; lastKnownFileType = sourcecode.swift; path = RepoSearchPage.swift; sourceTree = "<group>"; };
		8B349B3027173A9600E44F79 /* Repo.swift */ = {isa = PBXFileReference; lastKnownFileType = sourcecode.swift; path = Repo.swift; sourceTree = "<group>"; };
		8B349B3227173B9D00E44F79 /* SearchRepoUseCase.swift */ = {isa = PBXFileReference; lastKnownFileType = sourcecode.swift; path = SearchRepoUseCase.swift; sourceTree = "<group>"; };
		8B349B3527173DA400E44F79 /* GitHubRepositoryError.swift */ = {isa = PBXFileReference; lastKnownFileType = sourcecode.swift; path = GitHubRepositoryError.swift; sourceTree = "<group>"; };
		8B5A86BE271EED6200E3F711 /* FetchingCell.swift */ = {isa = PBXFileReference; lastKnownFileType = sourcecode.swift; path = FetchingCell.swift; sourceTree = "<group>"; };
		8B64A67B271B2B200035437C /* ReposSearchCoordinator.swift */ = {isa = PBXFileReference; lastKnownFileType = sourcecode.swift; path = ReposSearchCoordinator.swift; sourceTree = "<group>"; };
		8B64A67E271B48C00035437C /* RepoSerachViewModel.swift */ = {isa = PBXFileReference; lastKnownFileType = sourcecode.swift; path = RepoSerachViewModel.swift; sourceTree = "<group>"; };
		8B64A680271B49BD0035437C /* BaseCoordinator.swift */ = {isa = PBXFileReference; lastKnownFileType = sourcecode.swift; path = BaseCoordinator.swift; sourceTree = "<group>"; };
		8B86F2F427206B2F00C51BF8 /* Mock.generated.swift */ = {isa = PBXFileReference; fileEncoding = 4; lastKnownFileType = sourcecode.swift; path = Mock.generated.swift; sourceTree = "<group>"; };
		8B86F2F62720712F00C51BF8 /* DefaultSearchRepoUseCaseTests.swift */ = {isa = PBXFileReference; lastKnownFileType = sourcecode.swift; path = DefaultSearchRepoUseCaseTests.swift; sourceTree = "<group>"; };
		8B86F2F9272075C300C51BF8 /* XCTest.framework */ = {isa = PBXFileReference; lastKnownFileType = wrapper.framework; name = XCTest.framework; path = Platforms/iPhoneOS.platform/Developer/Library/Frameworks/XCTest.framework; sourceTree = DEVELOPER_DIR; };
		8B86F2FB27207F2700C51BF8 /* DefaultRepoSerachViewModelTests.swift */ = {isa = PBXFileReference; lastKnownFileType = sourcecode.swift; path = DefaultRepoSerachViewModelTests.swift; sourceTree = "<group>"; };
		8B86F2FD27208D1500C51BF8 /* RepoSerachViewModelError.swift */ = {isa = PBXFileReference; lastKnownFileType = sourcecode.swift; path = RepoSerachViewModelError.swift; sourceTree = "<group>"; };
		8B948A4F271F0BAB00B3FE8D /* LoadingView.swift */ = {isa = PBXFileReference; lastKnownFileType = sourcecode.swift; path = LoadingView.swift; sourceTree = "<group>"; };
		8B948A51271F0FFA00B3FE8D /* RepoSerachTypes.swift */ = {isa = PBXFileReference; lastKnownFileType = sourcecode.swift; path = RepoSerachTypes.swift; sourceTree = "<group>"; };
		8B948A54271F127900B3FE8D /* Cancellable.swift */ = {isa = PBXFileReference; lastKnownFileType = sourcecode.swift; path = Cancellable.swift; sourceTree = "<group>"; };
/* End PBXFileReference section */

/* Begin PBXFrameworksBuildPhase section */
		8B349AE827170E6D00E44F79 /* Frameworks */ = {
			isa = PBXFrameworksBuildPhase;
			buildActionMask = 2147483647;
			files = (
				8B64A684271CD5D20035437C /* OrderedCollections in Frameworks */,
			);
			runOnlyForDeploymentPostprocessing = 0;
		};
		8B349AFE27170E6F00E44F79 /* Frameworks */ = {
			isa = PBXFrameworksBuildPhase;
			buildActionMask = 2147483647;
			files = (
				8B86F30027209B1400C51BF8 /* Quick in Frameworks */,
				8B86F30427209B1B00C51BF8 /* SwiftyMocky in Frameworks */,
				8B86F30227209B1700C51BF8 /* Nimble in Frameworks */,
				8B86F30627209B1D00C51BF8 /* SwiftyPrototype in Frameworks */,
			);
			runOnlyForDeploymentPostprocessing = 0;
		};
/* End PBXFrameworksBuildPhase section */

/* Begin PBXGroup section */
		8B349AE227170E6D00E44F79 = {
			isa = PBXGroup;
			children = (
				8B349AED27170E6D00E44F79 /* GitHubSearch_Challenge */,
				8B349B0427170E6F00E44F79 /* GitHubSearch_ChallengeTests */,
				8B349AEC27170E6D00E44F79 /* Products */,
				8B86F2F8272075C300C51BF8 /* Frameworks */,
			);
			sourceTree = "<group>";
		};
		8B349AEC27170E6D00E44F79 /* Products */ = {
			isa = PBXGroup;
			children = (
				8B349AEB27170E6D00E44F79 /* GitHubSearch_Challenge.app */,
				8B349B0127170E6F00E44F79 /* GitHubSearch_ChallengeTests.xctest */,
			);
			name = Products;
			sourceTree = "<group>";
		};
		8B349AED27170E6D00E44F79 /* GitHubSearch_Challenge */ = {
			isa = PBXGroup;
			children = (
				8B349AEE27170E6D00E44F79 /* AppDelegate.swift */,
				8B349AF027170E6D00E44F79 /* SceneDelegate.swift */,
				8B64A67D271B48B30035437C /* Presentation */,
				8B349AF727170E6E00E44F79 /* Assets.xcassets */,
				8B349AF927170E6E00E44F79 /* LaunchScreen.storyboard */,
				8B349AFC27170E6E00E44F79 /* Info.plist */,
				8B349B2C2717301400E44F79 /* Domain */,
				8B349B2A27172F1E00E44F79 /* Data */,
			);
			path = GitHubSearch_Challenge;
			sourceTree = "<group>";
		};
		8B349B0427170E6F00E44F79 /* GitHubSearch_ChallengeTests */ = {
			isa = PBXGroup;
			children = (
				8B86F2F327206B2F00C51BF8 /* Mocks */,
				8B86F2F62720712F00C51BF8 /* DefaultSearchRepoUseCaseTests.swift */,
				8B86F2FB27207F2700C51BF8 /* DefaultRepoSerachViewModelTests.swift */,
			);
			path = GitHubSearch_ChallengeTests;
			sourceTree = "<group>";
		};
		8B349B2A27172F1E00E44F79 /* Data */ = {
			isa = PBXGroup;
			children = (
				8B349B2B27172F2C00E44F79 /* DTOs */,
				8B349B1E27171D4A00E44F79 /* GitHubRepository.swift */,
				8B349B3527173DA400E44F79 /* GitHubRepositoryError.swift */,
			);
			path = Data;
			sourceTree = "<group>";
		};
		8B349B2B27172F2C00E44F79 /* DTOs */ = {
			isa = PBXGroup;
			children = (
				8B349B2427171E8000E44F79 /* RepoDTO.swift */,
				8B349B2227171E8000E44F79 /* RepoLicenseDTO.swift */,
				8B349B2327171E8000E44F79 /* RepoOwnerDTO.swift */,
				8B349B2027171E8000E44F79 /* RepoSearchResponseDTO.swift */,
			);
			path = DTOs;
			sourceTree = "<group>";
		};
		8B349B2C2717301400E44F79 /* Domain */ = {
			isa = PBXGroup;
			children = (
				8B948A53271F126D00B3FE8D /* Protocols */,
				8B349B2F27173A8600E44F79 /* Entities */,
				8B349B3427173CB700E44F79 /* UseCases */,
			);
			path = Domain;
			sourceTree = "<group>";
		};
		8B349B2F27173A8600E44F79 /* Entities */ = {
			isa = PBXGroup;
			children = (
				8B349B2D2717302D00E44F79 /* RepoSearchPage.swift */,
				8B349B3027173A9600E44F79 /* Repo.swift */,
			);
			path = Entities;
			sourceTree = "<group>";
		};
		8B349B3427173CB700E44F79 /* UseCases */ = {
			isa = PBXGroup;
			children = (
				8B349B3227173B9D00E44F79 /* SearchRepoUseCase.swift */,
			);
			path = UseCases;
			sourceTree = "<group>";
		};
		8B64A67D271B48B30035437C /* Presentation */ = {
			isa = PBXGroup;
			children = (
				8B64A67B271B2B200035437C /* ReposSearchCoordinator.swift */,
				8B349AF227170E6D00E44F79 /* RepoSerachViewController.swift */,
				8B948A51271F0FFA00B3FE8D /* RepoSerachTypes.swift */,
				8B64A67E271B48C00035437C /* RepoSerachViewModel.swift */,
				8B64A680271B49BD0035437C /* BaseCoordinator.swift */,
				8B5A86BE271EED6200E3F711 /* FetchingCell.swift */,
				8B948A4F271F0BAB00B3FE8D /* LoadingView.swift */,
				8B86F2FD27208D1500C51BF8 /* RepoSerachViewModelError.swift */,
			);
			path = Presentation;
			sourceTree = "<group>";
		};
		8B86F2F327206B2F00C51BF8 /* Mocks */ = {
			isa = PBXGroup;
			children = (
				8B86F2F427206B2F00C51BF8 /* Mock.generated.swift */,
			);
			path = Mocks;
			sourceTree = "<group>";
		};
		8B86F2F8272075C300C51BF8 /* Frameworks */ = {
			isa = PBXGroup;
			children = (
				8B86F2F9272075C300C51BF8 /* XCTest.framework */,
			);
			name = Frameworks;
			sourceTree = "<group>";
		};
		8B948A53271F126D00B3FE8D /* Protocols */ = {
			isa = PBXGroup;
			children = (
				8B948A54271F127900B3FE8D /* Cancellable.swift */,
			);
			path = Protocols;
			sourceTree = "<group>";
		};
/* End PBXGroup section */

/* Begin PBXNativeTarget section */
		8B349AEA27170E6D00E44F79 /* GitHubSearch_Challenge */ = {
			isa = PBXNativeTarget;
			buildConfigurationList = 8B349B1527170E6F00E44F79 /* Build configuration list for PBXNativeTarget "GitHubSearch_Challenge" */;
			buildPhases = (
				8B349AE727170E6D00E44F79 /* Sources */,
				8B349AE827170E6D00E44F79 /* Frameworks */,
				8B349AE927170E6D00E44F79 /* Resources */,
			);
			buildRules = (
			);
			dependencies = (
			);
			name = GitHubSearch_Challenge;
			packageProductDependencies = (
				8B64A683271CD5D20035437C /* OrderedCollections */,
			);
			productName = GitHubSearch_Challenge;
			productReference = 8B349AEB27170E6D00E44F79 /* GitHubSearch_Challenge.app */;
			productType = "com.apple.product-type.application";
		};
		8B349B0027170E6F00E44F79 /* GitHubSearch_ChallengeTests */ = {
			isa = PBXNativeTarget;
			buildConfigurationList = 8B349B1827170E6F00E44F79 /* Build configuration list for PBXNativeTarget "GitHubSearch_ChallengeTests" */;
			buildPhases = (
				8B349AFD27170E6F00E44F79 /* Sources */,
				8B349AFE27170E6F00E44F79 /* Frameworks */,
				8B349AFF27170E6F00E44F79 /* Resources */,
			);
			buildRules = (
			);
			dependencies = (
				8B349B0327170E6F00E44F79 /* PBXTargetDependency */,
			);
			name = GitHubSearch_ChallengeTests;
			packageProductDependencies = (
				8B86F2FF27209B1400C51BF8 /* Quick */,
				8B86F30127209B1700C51BF8 /* Nimble */,
				8B86F30327209B1B00C51BF8 /* SwiftyMocky */,
				8B86F30527209B1D00C51BF8 /* SwiftyPrototype */,
			);
			productName = GitHubSearch_ChallengeTests;
			productReference = 8B349B0127170E6F00E44F79 /* GitHubSearch_ChallengeTests.xctest */;
			productType = "com.apple.product-type.bundle.unit-test";
		};
/* End PBXNativeTarget section */

/* Begin PBXProject section */
		8B349AE327170E6D00E44F79 /* Project object */ = {
			isa = PBXProject;
			attributes = {
				BuildIndependentTargetsInParallel = 1;
				LastSwiftUpdateCheck = 1300;
				LastUpgradeCheck = 1300;
				TargetAttributes = {
					8B349AEA27170E6D00E44F79 = {
						CreatedOnToolsVersion = 13.0;
					};
					8B349B0027170E6F00E44F79 = {
						CreatedOnToolsVersion = 13.0;
						TestTargetID = 8B349AEA27170E6D00E44F79;
					};
				};
			};
			buildConfigurationList = 8B349AE627170E6D00E44F79 /* Build configuration list for PBXProject "GitHubSearch_Challenge" */;
			compatibilityVersion = "Xcode 13.0";
			developmentRegion = en;
			hasScannedForEncodings = 0;
			knownRegions = (
				en,
				Base,
			);
			mainGroup = 8B349AE227170E6D00E44F79;
			packageReferences = (
				8B64A682271CD5D20035437C /* XCRemoteSwiftPackageReference "swift-collections" */,
				8B86F2E8272068D000C51BF8 /* XCRemoteSwiftPackageReference "Quick" */,
				8B86F2EB272068ED00C51BF8 /* XCRemoteSwiftPackageReference "Nimble" */,
				8B86F2EE27206A3300C51BF8 /* XCRemoteSwiftPackageReference "SwiftyMocky" */,
			);
			productRefGroup = 8B349AEC27170E6D00E44F79 /* Products */;
			projectDirPath = "";
			projectRoot = "";
			targets = (
				8B349AEA27170E6D00E44F79 /* GitHubSearch_Challenge */,
				8B349B0027170E6F00E44F79 /* GitHubSearch_ChallengeTests */,
			);
		};
/* End PBXProject section */

/* Begin PBXResourcesBuildPhase section */
		8B349AE927170E6D00E44F79 /* Resources */ = {
			isa = PBXResourcesBuildPhase;
			buildActionMask = 2147483647;
			files = (
				8B349AFB27170E6E00E44F79 /* LaunchScreen.storyboard in Resources */,
				8B349AF827170E6E00E44F79 /* Assets.xcassets in Resources */,
			);
			runOnlyForDeploymentPostprocessing = 0;
		};
		8B349AFF27170E6F00E44F79 /* Resources */ = {
			isa = PBXResourcesBuildPhase;
			buildActionMask = 2147483647;
			files = (
			);
			runOnlyForDeploymentPostprocessing = 0;
		};
/* End PBXResourcesBuildPhase section */

/* Begin PBXSourcesBuildPhase section */
		8B349AE727170E6D00E44F79 /* Sources */ = {
			isa = PBXSourcesBuildPhase;
			buildActionMask = 2147483647;
			files = (
				8B349B2727171E8000E44F79 /* RepoLicenseDTO.swift in Sources */,
				8B349B2927171E8000E44F79 /* RepoDTO.swift in Sources */,
				8B64A67F271B48C00035437C /* RepoSerachViewModel.swift in Sources */,
				8B349B2E2717302D00E44F79 /* RepoSearchPage.swift in Sources */,
				8B948A50271F0BAB00B3FE8D /* LoadingView.swift in Sources */,
				8B349B2827171E8000E44F79 /* RepoOwnerDTO.swift in Sources */,
				8B948A55271F127900B3FE8D /* Cancellable.swift in Sources */,
				8B5A86BF271EED6200E3F711 /* FetchingCell.swift in Sources */,
				8B349B1F27171D4A00E44F79 /* GitHubRepository.swift in Sources */,
				8B349B2527171E8000E44F79 /* RepoSearchResponseDTO.swift in Sources */,
				8B349AF327170E6D00E44F79 /* RepoSerachViewController.swift in Sources */,
				8B948A52271F0FFA00B3FE8D /* RepoSerachTypes.swift in Sources */,
				8B349B3627173DA400E44F79 /* GitHubRepositoryError.swift in Sources */,
				8B349B3127173A9600E44F79 /* Repo.swift in Sources */,
				8B64A681271B49BD0035437C /* BaseCoordinator.swift in Sources */,
				8B86F2FE27208D1500C51BF8 /* RepoSerachViewModelError.swift in Sources */,
				8B349AEF27170E6D00E44F79 /* AppDelegate.swift in Sources */,
				8B349AF127170E6D00E44F79 /* SceneDelegate.swift in Sources */,
				8B349B3327173B9D00E44F79 /* SearchRepoUseCase.swift in Sources */,
				8B64A67C271B2B200035437C /* ReposSearchCoordinator.swift in Sources */,
			);
			runOnlyForDeploymentPostprocessing = 0;
		};
		8B349AFD27170E6F00E44F79 /* Sources */ = {
			isa = PBXSourcesBuildPhase;
			buildActionMask = 2147483647;
			files = (
				8B86F2F72720712F00C51BF8 /* DefaultSearchRepoUseCaseTests.swift in Sources */,
				8B86F2FC27207F2700C51BF8 /* DefaultRepoSerachViewModelTests.swift in Sources */,
				8B86F2F527206B2F00C51BF8 /* Mock.generated.swift in Sources */,
			);
			runOnlyForDeploymentPostprocessing = 0;
		};
/* End PBXSourcesBuildPhase section */

/* Begin PBXTargetDependency section */
		8B349B0327170E6F00E44F79 /* PBXTargetDependency */ = {
			isa = PBXTargetDependency;
			target = 8B349AEA27170E6D00E44F79 /* GitHubSearch_Challenge */;
			targetProxy = 8B349B0227170E6F00E44F79 /* PBXContainerItemProxy */;
		};
/* End PBXTargetDependency section */

/* Begin PBXVariantGroup section */
		8B349AF927170E6E00E44F79 /* LaunchScreen.storyboard */ = {
			isa = PBXVariantGroup;
			children = (
				8B349AFA27170E6E00E44F79 /* Base */,
			);
			name = LaunchScreen.storyboard;
			sourceTree = "<group>";
		};
/* End PBXVariantGroup section */

/* Begin XCBuildConfiguration section */
		8B349B1327170E6F00E44F79 /* Debug */ = {
			isa = XCBuildConfiguration;
			buildSettings = {
				ALWAYS_SEARCH_USER_PATHS = NO;
				CLANG_ANALYZER_NONNULL = YES;
				CLANG_ANALYZER_NUMBER_OBJECT_CONVERSION = YES_AGGRESSIVE;
				CLANG_CXX_LANGUAGE_STANDARD = "gnu++17";
				CLANG_CXX_LIBRARY = "libc++";
				CLANG_ENABLE_MODULES = YES;
				CLANG_ENABLE_OBJC_ARC = YES;
				CLANG_ENABLE_OBJC_WEAK = YES;
				CLANG_WARN_BLOCK_CAPTURE_AUTORELEASING = YES;
				CLANG_WARN_BOOL_CONVERSION = YES;
				CLANG_WARN_COMMA = YES;
				CLANG_WARN_CONSTANT_CONVERSION = YES;
				CLANG_WARN_DEPRECATED_OBJC_IMPLEMENTATIONS = YES;
				CLANG_WARN_DIRECT_OBJC_ISA_USAGE = YES_ERROR;
				CLANG_WARN_DOCUMENTATION_COMMENTS = YES;
				CLANG_WARN_EMPTY_BODY = YES;
				CLANG_WARN_ENUM_CONVERSION = YES;
				CLANG_WARN_INFINITE_RECURSION = YES;
				CLANG_WARN_INT_CONVERSION = YES;
				CLANG_WARN_NON_LITERAL_NULL_CONVERSION = YES;
				CLANG_WARN_OBJC_IMPLICIT_RETAIN_SELF = YES;
				CLANG_WARN_OBJC_LITERAL_CONVERSION = YES;
				CLANG_WARN_OBJC_ROOT_CLASS = YES_ERROR;
				CLANG_WARN_QUOTED_INCLUDE_IN_FRAMEWORK_HEADER = YES;
				CLANG_WARN_RANGE_LOOP_ANALYSIS = YES;
				CLANG_WARN_STRICT_PROTOTYPES = YES;
				CLANG_WARN_SUSPICIOUS_MOVE = YES;
				CLANG_WARN_UNGUARDED_AVAILABILITY = YES_AGGRESSIVE;
				CLANG_WARN_UNREACHABLE_CODE = YES;
				CLANG_WARN__DUPLICATE_METHOD_MATCH = YES;
				COPY_PHASE_STRIP = NO;
				DEBUG_INFORMATION_FORMAT = dwarf;
				ENABLE_STRICT_OBJC_MSGSEND = YES;
				ENABLE_TESTABILITY = YES;
				GCC_C_LANGUAGE_STANDARD = gnu11;
				GCC_DYNAMIC_NO_PIC = NO;
				GCC_NO_COMMON_BLOCKS = YES;
				GCC_OPTIMIZATION_LEVEL = 0;
				GCC_PREPROCESSOR_DEFINITIONS = (
					"DEBUG=1",
					"$(inherited)",
				);
				GCC_WARN_64_TO_32_BIT_CONVERSION = YES;
				GCC_WARN_ABOUT_RETURN_TYPE = YES_ERROR;
				GCC_WARN_UNDECLARED_SELECTOR = YES;
				GCC_WARN_UNINITIALIZED_AUTOS = YES_AGGRESSIVE;
				GCC_WARN_UNUSED_FUNCTION = YES;
				GCC_WARN_UNUSED_VARIABLE = YES;
				IPHONEOS_DEPLOYMENT_TARGET = 15.0;
				MTL_ENABLE_DEBUG_INFO = INCLUDE_SOURCE;
				MTL_FAST_MATH = YES;
				ONLY_ACTIVE_ARCH = YES;
				SDKROOT = iphoneos;
				SWIFT_ACTIVE_COMPILATION_CONDITIONS = DEBUG;
				SWIFT_OPTIMIZATION_LEVEL = "-Onone";
			};
			name = Debug;
		};
		8B349B1427170E6F00E44F79 /* Release */ = {
			isa = XCBuildConfiguration;
			buildSettings = {
				ALWAYS_SEARCH_USER_PATHS = NO;
				CLANG_ANALYZER_NONNULL = YES;
				CLANG_ANALYZER_NUMBER_OBJECT_CONVERSION = YES_AGGRESSIVE;
				CLANG_CXX_LANGUAGE_STANDARD = "gnu++17";
				CLANG_CXX_LIBRARY = "libc++";
				CLANG_ENABLE_MODULES = YES;
				CLANG_ENABLE_OBJC_ARC = YES;
				CLANG_ENABLE_OBJC_WEAK = YES;
				CLANG_WARN_BLOCK_CAPTURE_AUTORELEASING = YES;
				CLANG_WARN_BOOL_CONVERSION = YES;
				CLANG_WARN_COMMA = YES;
				CLANG_WARN_CONSTANT_CONVERSION = YES;
				CLANG_WARN_DEPRECATED_OBJC_IMPLEMENTATIONS = YES;
				CLANG_WARN_DIRECT_OBJC_ISA_USAGE = YES_ERROR;
				CLANG_WARN_DOCUMENTATION_COMMENTS = YES;
				CLANG_WARN_EMPTY_BODY = YES;
				CLANG_WARN_ENUM_CONVERSION = YES;
				CLANG_WARN_INFINITE_RECURSION = YES;
				CLANG_WARN_INT_CONVERSION = YES;
				CLANG_WARN_NON_LITERAL_NULL_CONVERSION = YES;
				CLANG_WARN_OBJC_IMPLICIT_RETAIN_SELF = YES;
				CLANG_WARN_OBJC_LITERAL_CONVERSION = YES;
				CLANG_WARN_OBJC_ROOT_CLASS = YES_ERROR;
				CLANG_WARN_QUOTED_INCLUDE_IN_FRAMEWORK_HEADER = YES;
				CLANG_WARN_RANGE_LOOP_ANALYSIS = YES;
				CLANG_WARN_STRICT_PROTOTYPES = YES;
				CLANG_WARN_SUSPICIOUS_MOVE = YES;
				CLANG_WARN_UNGUARDED_AVAILABILITY = YES_AGGRESSIVE;
				CLANG_WARN_UNREACHABLE_CODE = YES;
				CLANG_WARN__DUPLICATE_METHOD_MATCH = YES;
				COPY_PHASE_STRIP = NO;
				DEBUG_INFORMATION_FORMAT = "dwarf-with-dsym";
				ENABLE_NS_ASSERTIONS = NO;
				ENABLE_STRICT_OBJC_MSGSEND = YES;
				GCC_C_LANGUAGE_STANDARD = gnu11;
				GCC_NO_COMMON_BLOCKS = YES;
				GCC_WARN_64_TO_32_BIT_CONVERSION = YES;
				GCC_WARN_ABOUT_RETURN_TYPE = YES_ERROR;
				GCC_WARN_UNDECLARED_SELECTOR = YES;
				GCC_WARN_UNINITIALIZED_AUTOS = YES_AGGRESSIVE;
				GCC_WARN_UNUSED_FUNCTION = YES;
				GCC_WARN_UNUSED_VARIABLE = YES;
				IPHONEOS_DEPLOYMENT_TARGET = 15.0;
				MTL_ENABLE_DEBUG_INFO = NO;
				MTL_FAST_MATH = YES;
				SDKROOT = iphoneos;
				SWIFT_COMPILATION_MODE = wholemodule;
				SWIFT_OPTIMIZATION_LEVEL = "-O";
				VALIDATE_PRODUCT = YES;
			};
			name = Release;
		};
		8B349B1627170E6F00E44F79 /* Debug */ = {
			isa = XCBuildConfiguration;
			buildSettings = {
				ASSETCATALOG_COMPILER_APPICON_NAME = AppIcon;
				ASSETCATALOG_COMPILER_GLOBAL_ACCENT_COLOR_NAME = AccentColor;
				CODE_SIGN_STYLE = Automatic;
				CURRENT_PROJECT_VERSION = 1;
				ENABLE_TESTING_SEARCH_PATHS = YES;
				GENERATE_INFOPLIST_FILE = YES;
				INFOPLIST_FILE = GitHubSearch_Challenge/Info.plist;
				INFOPLIST_KEY_UIApplicationSupportsIndirectInputEvents = YES;
				INFOPLIST_KEY_UILaunchStoryboardName = LaunchScreen;
				INFOPLIST_KEY_UISupportedInterfaceOrientations = UIInterfaceOrientationPortrait;
				INFOPLIST_KEY_UISupportedInterfaceOrientations_iPad = "UIInterfaceOrientationPortrait UIInterfaceOrientationPortraitUpsideDown UIInterfaceOrientationLandscapeLeft UIInterfaceOrientationLandscapeRight";
				INFOPLIST_KEY_UISupportedInterfaceOrientations_iPhone = "UIInterfaceOrientationPortrait UIInterfaceOrientationLandscapeLeft UIInterfaceOrientationLandscapeRight";
				IPHONEOS_DEPLOYMENT_TARGET = 14.0;
				LD_RUNPATH_SEARCH_PATHS = (
					"$(inherited)",
					"@executable_path/Frameworks",
				);
				MARKETING_VERSION = 1.0;
				PRODUCT_BUNDLE_IDENTIFIER = "pl.KZ.GitHubSearch-Challenge";
				PRODUCT_NAME = "$(TARGET_NAME)";
				SWIFT_EMIT_LOC_STRINGS = YES;
				SWIFT_VERSION = 5.0;
				TARGETED_DEVICE_FAMILY = "1,2";
			};
			name = Debug;
		};
		8B349B1727170E6F00E44F79 /* Release */ = {
			isa = XCBuildConfiguration;
			buildSettings = {
				ASSETCATALOG_COMPILER_APPICON_NAME = AppIcon;
				ASSETCATALOG_COMPILER_GLOBAL_ACCENT_COLOR_NAME = AccentColor;
				CODE_SIGN_STYLE = Automatic;
				CURRENT_PROJECT_VERSION = 1;
				ENABLE_TESTING_SEARCH_PATHS = YES;
				GENERATE_INFOPLIST_FILE = YES;
				INFOPLIST_FILE = GitHubSearch_Challenge/Info.plist;
				INFOPLIST_KEY_UIApplicationSupportsIndirectInputEvents = YES;
				INFOPLIST_KEY_UILaunchStoryboardName = LaunchScreen;
				INFOPLIST_KEY_UISupportedInterfaceOrientations = UIInterfaceOrientationPortrait;
				INFOPLIST_KEY_UISupportedInterfaceOrientations_iPad = "UIInterfaceOrientationPortrait UIInterfaceOrientationPortraitUpsideDown UIInterfaceOrientationLandscapeLeft UIInterfaceOrientationLandscapeRight";
				INFOPLIST_KEY_UISupportedInterfaceOrientations_iPhone = "UIInterfaceOrientationPortrait UIInterfaceOrientationLandscapeLeft UIInterfaceOrientationLandscapeRight";
				IPHONEOS_DEPLOYMENT_TARGET = 14.0;
				LD_RUNPATH_SEARCH_PATHS = (
					"$(inherited)",
					"@executable_path/Frameworks",
				);
				MARKETING_VERSION = 1.0;
				PRODUCT_BUNDLE_IDENTIFIER = "pl.KZ.GitHubSearch-Challenge";
				PRODUCT_NAME = "$(TARGET_NAME)";
				SWIFT_EMIT_LOC_STRINGS = YES;
				SWIFT_VERSION = 5.0;
				TARGETED_DEVICE_FAMILY = "1,2";
			};
			name = Release;
		};
		8B349B1927170E6F00E44F79 /* Debug */ = {
			isa = XCBuildConfiguration;
			buildSettings = {
				ALWAYS_EMBED_SWIFT_STANDARD_LIBRARIES = YES;
				BUNDLE_LOADER = "$(TEST_HOST)";
				CODE_SIGN_STYLE = Automatic;
				CURRENT_PROJECT_VERSION = 1;
				GENERATE_INFOPLIST_FILE = YES;
				IPHONEOS_DEPLOYMENT_TARGET = 15.0;
				LD_RUNPATH_SEARCH_PATHS = (
					"$(inherited)",
					"@executable_path/Frameworks",
					"@loader_path/Frameworks",
				);
				MARKETING_VERSION = 1.0;
				PRODUCT_BUNDLE_IDENTIFIER = "pl.KZ.GitHubSearch-ChallengeTests";
				PRODUCT_NAME = "$(TARGET_NAME)";
				SWIFT_EMIT_LOC_STRINGS = NO;
				SWIFT_VERSION = 5.0;
				TARGETED_DEVICE_FAMILY = "1,2";
				TEST_HOST = "$(BUILT_PRODUCTS_DIR)/GitHubSearch_Challenge.app/GitHubSearch_Challenge";
			};
			name = Debug;
		};
		8B349B1A27170E6F00E44F79 /* Release */ = {
			isa = XCBuildConfiguration;
			buildSettings = {
				ALWAYS_EMBED_SWIFT_STANDARD_LIBRARIES = YES;
				BUNDLE_LOADER = "$(TEST_HOST)";
				CODE_SIGN_STYLE = Automatic;
				CURRENT_PROJECT_VERSION = 1;
				GENERATE_INFOPLIST_FILE = YES;
				IPHONEOS_DEPLOYMENT_TARGET = 15.0;
				LD_RUNPATH_SEARCH_PATHS = (
					"$(inherited)",
					"@executable_path/Frameworks",
					"@loader_path/Frameworks",
				);
				MARKETING_VERSION = 1.0;
				PRODUCT_BUNDLE_IDENTIFIER = "pl.KZ.GitHubSearch-ChallengeTests";
				PRODUCT_NAME = "$(TARGET_NAME)";
				SWIFT_EMIT_LOC_STRINGS = NO;
				SWIFT_VERSION = 5.0;
				TARGETED_DEVICE_FAMILY = "1,2";
				TEST_HOST = "$(BUILT_PRODUCTS_DIR)/GitHubSearch_Challenge.app/GitHubSearch_Challenge";
			};
			name = Release;
		};
/* End XCBuildConfiguration section */

/* Begin XCConfigurationList section */
		8B349AE627170E6D00E44F79 /* Build configuration list for PBXProject "GitHubSearch_Challenge" */ = {
			isa = XCConfigurationList;
			buildConfigurations = (
				8B349B1327170E6F00E44F79 /* Debug */,
				8B349B1427170E6F00E44F79 /* Release */,
			);
			defaultConfigurationIsVisible = 0;
			defaultConfigurationName = Release;
		};
		8B349B1527170E6F00E44F79 /* Build configuration list for PBXNativeTarget "GitHubSearch_Challenge" */ = {
			isa = XCConfigurationList;
			buildConfigurations = (
				8B349B1627170E6F00E44F79 /* Debug */,
				8B349B1727170E6F00E44F79 /* Release */,
			);
			defaultConfigurationIsVisible = 0;
			defaultConfigurationName = Release;
		};
		8B349B1827170E6F00E44F79 /* Build configuration list for PBXNativeTarget "GitHubSearch_ChallengeTests" */ = {
			isa = XCConfigurationList;
			buildConfigurations = (
				8B349B1927170E6F00E44F79 /* Debug */,
				8B349B1A27170E6F00E44F79 /* Release */,
			);
			defaultConfigurationIsVisible = 0;
			defaultConfigurationName = Release;
		};
/* End XCConfigurationList section */

/* Begin XCRemoteSwiftPackageReference section */
		8B64A682271CD5D20035437C /* XCRemoteSwiftPackageReference "swift-collections" */ = {
			isa = XCRemoteSwiftPackageReference;
			repositoryURL = "https://github.com/apple/swift-collections.git";
			requirement = {
				kind = upToNextMajorVersion;
				minimumVersion = 0.0.3;
			};
		};
		8B86F2E8272068D000C51BF8 /* XCRemoteSwiftPackageReference "Quick" */ = {
			isa = XCRemoteSwiftPackageReference;
			repositoryURL = "https://github.com/Quick/Quick";
			requirement = {
				kind = upToNextMajorVersion;
				minimumVersion = 4.0.0;
			};
		};
		8B86F2EB272068ED00C51BF8 /* XCRemoteSwiftPackageReference "Nimble" */ = {
			isa = XCRemoteSwiftPackageReference;
			repositoryURL = "https://github.com/Quick/Nimble";
			requirement = {
				kind = upToNextMajorVersion;
				minimumVersion = 9.0.0;
			};
		};
		8B86F2EE27206A3300C51BF8 /* XCRemoteSwiftPackageReference "SwiftyMocky" */ = {
			isa = XCRemoteSwiftPackageReference;
			repositoryURL = "https://github.com/MakeAWishFoundation/SwiftyMocky";
			requirement = {
				kind = upToNextMajorVersion;
				minimumVersion = 4.0.0;
			};
		};
/* End XCRemoteSwiftPackageReference section */

/* Begin XCSwiftPackageProductDependency section */
		8B64A683271CD5D20035437C /* OrderedCollections */ = {
			isa = XCSwiftPackageProductDependency;
			package = 8B64A682271CD5D20035437C /* XCRemoteSwiftPackageReference "swift-collections" */;
			productName = OrderedCollections;
		};
		8B86F2FF27209B1400C51BF8 /* Quick */ = {
			isa = XCSwiftPackageProductDependency;
			package = 8B86F2E8272068D000C51BF8 /* XCRemoteSwiftPackageReference "Quick" */;
			productName = Quick;
		};
		8B86F30127209B1700C51BF8 /* Nimble */ = {
			isa = XCSwiftPackageProductDependency;
			package = 8B86F2EB272068ED00C51BF8 /* XCRemoteSwiftPackageReference "Nimble" */;
			productName = Nimble;
		};
		8B86F30327209B1B00C51BF8 /* SwiftyMocky */ = {
			isa = XCSwiftPackageProductDependency;
			package = 8B86F2EE27206A3300C51BF8 /* XCRemoteSwiftPackageReference "SwiftyMocky" */;
			productName = SwiftyMocky;
		};
		8B86F30527209B1D00C51BF8 /* SwiftyPrototype */ = {
			isa = XCSwiftPackageProductDependency;
			package = 8B86F2EE27206A3300C51BF8 /* XCRemoteSwiftPackageReference "SwiftyMocky" */;
			productName = SwiftyPrototype;
		};
/* End XCSwiftPackageProductDependency section */
	};
	rootObject = 8B349AE327170E6D00E44F79 /* Project object */;
}
